
Microsoft Visual Studio Solution File, Format Version 12.00
# Visual Studio Version 16
VisualStudioVersion = 16.0.33214.272
MinimumVisualStudioVersion = 10.0.40219.1
Project("{FAE04EC0-301F-11D3-BF4B-00C04F79EFBC}") = "UserSignupLogin", "UserSignupLogin\UserSignupLogin.csproj", "{5429B178-9D58-478F-91E7-BF85DABDE740}"
EndProject
Global
	GlobalSection(SolutionConfigurationPlatforms) = preSolution
		Debug|Any CPU = Debug|Any CPU
		Release|Any CPU = Release|Any CPU
	EndGlobalSection
	GlobalSection(ProjectConfigurationPlatforms) = postSolution
		{5429B178-9D58-478F-91E7-BF85DABDE740}.Debug|Any CPU.ActiveCfg = Debug|Any CPU
		{5429B178-9D58-478F-91E7-BF85DABDE740}.Debug|Any CPU.Build.0 = Debug|Any CPU
		{5429B178-9D58-478F-91E7-BF85DABDE740}.Release|Any CPU.ActiveCfg = Release|Any CPU
		{5429B178-9D58-478F-91E7-BF85DABDE740}.Release|Any CPU.Build.0 = Release|Any CPU
	EndGlobalSection
	GlobalSection(SolutionProperties) = preSolution
		HideSolutionNode = FALSE
	EndGlobalSection
	GlobalSection(ExtensibilityGlobals) = postSolution
		SolutionGuid = {AD84548E-0B02-4204-BD56-6F2DD0FB5EEB}
	EndGlobalSection
EndGlobal
